
Microsoft Visual Studio Solution File, Format Version 12.00
Project("{FAE04EC0-301F-11D3-BF4B-00C04F79EFBC}") = "Main", "Main\Main.csproj", "{173CB259-082D-4EBC-973A-6EE5E83AD8BA}"
EndProject
Project("{FAE04EC0-301F-11D3-BF4B-00C04F79EFBC}") = "GameObjects", "GameObjects\GameObjects.csproj", "{753EB418-A291-4400-88EA-DCC55B255BCD}"
EndProject
Global
	GlobalSection(SolutionConfigurationPlatforms) = preSolution
		Debug|Any CPU = Debug|Any CPU
		Release|Any CPU = Release|Any CPU
	EndGlobalSection
	GlobalSection(ProjectConfigurationPlatforms) = postSolution
		{173CB259-082D-4EBC-973A-6EE5E83AD8BA}.Debug|Any CPU.ActiveCfg = Debug|Any CPU
		{173CB259-082D-4EBC-973A-6EE5E83AD8BA}.Debug|Any CPU.Build.0 = Debug|Any CPU
		{173CB259-082D-4EBC-973A-6EE5E83AD8BA}.Release|Any CPU.ActiveCfg = Release|Any CPU
		{173CB259-082D-4EBC-973A-6EE5E83AD8BA}.Release|Any CPU.Build.0 = Release|Any CPU
		{753EB418-A291-4400-88EA-DCC55B255BCD}.Debug|Any CPU.ActiveCfg = Debug|Any CPU
		{753EB418-A291-4400-88EA-DCC55B255BCD}.Debug|Any CPU.Build.0 = Debug|Any CPU
		{753EB418-A291-4400-88EA-DCC55B255BCD}.Release|Any CPU.ActiveCfg = Release|Any CPU
		{753EB418-A291-4400-88EA-DCC55B255BCD}.Release|Any CPU.Build.0 = Release|Any CPU
	EndGlobalSection
EndGlobal
